
Microsoft Visual Studio Solution File, Format Version 12.00
# Visual Studio 15
VisualStudioVersion = 15.0.28307.572
MinimumVisualStudioVersion = 10.0.40219.1
Project("{FAE04EC0-301F-11D3-BF4B-00C04F79EFBC}") = "BrABENECi", "BrABENECi\BrABENECi.csproj", "{4D193769-ACB8-4600-BC97-31BD176B26AD}"
EndProject
Global
	GlobalSection(SolutionConfigurationPlatforms) = preSolution
		Debug|Any CPU = Debug|Any CPU
		Release|Any CPU = Release|Any CPU
	EndGlobalSection
	GlobalSection(ProjectConfigurationPlatforms) = postSolution
		{4D193769-ACB8-4600-BC97-31BD176B26AD}.Debug|Any CPU.ActiveCfg = Debug|Any CPU
		{4D193769-ACB8-4600-BC97-31BD176B26AD}.Debug|Any CPU.Build.0 = Debug|Any CPU
		{4D193769-ACB8-4600-BC97-31BD176B26AD}.Release|Any CPU.ActiveCfg = Release|Any CPU
		{4D193769-ACB8-4600-BC97-31BD176B26AD}.Release|Any CPU.Build.0 = Release|Any CPU
	EndGlobalSection
	GlobalSection(SolutionProperties) = preSolution
		HideSolutionNode = FALSE
	EndGlobalSection
	GlobalSection(ExtensibilityGlobals) = postSolution
		SolutionGuid = {DDBA1BF6-A922-48DF-8A62-8BB46FFDD87B}
	EndGlobalSection
EndGlobal
